// !$*UTF8*$!
{
	archiveVersion = 1;
	classes = {
	};
	objectVersion = 48;
	objects = {

/* Begin PBXBuildFile section */
		7F2148742028EA2100ED2445 /* AppDelegate.swift in Sources */ = {isa = PBXBuildFile; fileRef = 7F2148732028EA2100ED2445 /* AppDelegate.swift */; };
		7F2148762028EA2100ED2445 /* ViewController.swift in Sources */ = {isa = PBXBuildFile; fileRef = 7F2148752028EA2100ED2445 /* ViewController.swift */; };
		7F2148792028EA2100ED2445 /* Main.storyboard in Resources */ = {isa = PBXBuildFile; fileRef = 7F2148772028EA2100ED2445 /* Main.storyboard */; };
		7F21487B2028EA2100ED2445 /* Assets.xcassets in Resources */ = {isa = PBXBuildFile; fileRef = 7F21487A2028EA2100ED2445 /* Assets.xcassets */; };
		7F21487E2028EA2100ED2445 /* LaunchScreen.storyboard in Resources */ = {isa = PBXBuildFile; fileRef = 7F21487C2028EA2100ED2445 /* LaunchScreen.storyboard */; };
		7F2148892028EA2100ED2445 /* Hackwhich3Tests.swift in Sources */ = {isa = PBXBuildFile; fileRef = 7F2148882028EA2100ED2445 /* Hackwhich3Tests.swift */; };
		7F2148942028EA2100ED2445 /* Hackwhich3UITests.swift in Sources */ = {isa = PBXBuildFile; fileRef = 7F2148932028EA2100ED2445 /* Hackwhich3UITests.swift */; };
		7F2148A22028F25700ED2445 /* VewiControllerTwo.swift in Sources */ = {isa = PBXBuildFile; fileRef = 7F2148A12028F25700ED2445 /* VewiControllerTwo.swift */; };
/* End PBXBuildFile section */

/* Begin PBXContainerItemProxy section */
		7F2148852028EA2100ED2445 /* PBXContainerItemProxy */ = {
			isa = PBXContainerItemProxy;
			containerPortal = 7F2148682028EA2000ED2445 /* Project object */;
			proxyType = 1;
			remoteGlobalIDString = 7F21486F2028EA2000ED2445;
			remoteInfo = Hackwhich3;
		};
		7F2148902028EA2100ED2445 /* PBXContainerItemProxy */ = {
			isa = PBXContainerItemProxy;
			containerPortal = 7F2148682028EA2000ED2445 /* Project object */;
			proxyType = 1;
			remoteGlobalIDString = 7F21486F2028EA2000ED2445;
			remoteInfo = Hackwhich3;
		};
/* End PBXContainerItemProxy section */

/* Begin PBXFileReference section */
		7F2148702028EA2100ED2445 /* Hackwhich3.app */ = {isa = PBXFileReference; explicitFileType = wrapper.application; includeInIndex = 0; path = Hackwhich3.app; sourceTree = BUILT_PRODUCTS_DIR; };
		7F2148732028EA2100ED2445 /* AppDelegate.swift */ = {isa = PBXFileReference; lastKnownFileType = sourcecode.swift; path = AppDelegate.swift; sourceTree = "<group>"; };
		7F2148752028EA2100ED2445 /* ViewController.swift */ = {isa = PBXFileReference; lastKnownFileType = sourcecode.swift; path = ViewController.swift; sourceTree = "<group>"; };
		7F2148782028EA2100ED2445 /* Base */ = {isa = PBXFileReference; lastKnownFileType = file.storyboard; name = Base; path = Base.lproj/Main.storyboard; sourceTree = "<group>"; };
		7F21487A2028EA2100ED2445 /* Assets.xcassets */ = {isa = PBXFileReference; lastKnownFileType = folder.assetcatalog; path = Assets.xcassets; sourceTree = "<group>"; };
		7F21487D2028EA2100ED2445 /* Base */ = {isa = PBXFileReference; lastKnownFileType = file.storyboard; name = Base; path = Base.lproj/LaunchScreen.storyboard; sourceTree = "<group>"; };
		7F21487F2028EA2100ED2445 /* Info.plist */ = {isa = PBXFileReference; lastKnownFileType = text.plist.xml; path = Info.plist; sourceTree = "<group>"; };
		7F2148842028EA2100ED2445 /* Hackwhich3Tests.xctest */ = {isa = PBXFileReference; explicitFileType = wrapper.cfbundle; includeInIndex = 0; path = Hackwhich3Tests.xctest; sourceTree = BUILT_PRODUCTS_DIR; };
		7F2148882028EA2100ED2445 /* Hackwhich3Tests.swift */ = {isa = PBXFileReference; lastKnownFileType = sourcecode.swift; path = Hackwhich3Tests.swift; sourceTree = "<group>"; };
		7F21488A2028EA2100ED2445 /* Info.plist */ = {isa = PBXFileReference; lastKnownFileType = text.plist.xml; path = Info.plist; sourceTree = "<group>"; };
		7F21488F2028EA2100ED2445 /* Hackwhich3UITests.xctest */ = {isa = PBXFileReference; explicitFileType = wrapper.cfbundle; includeInIndex = 0; path = Hackwhich3UITests.xctest; sourceTree = BUILT_PRODUCTS_DIR; };
		7F2148932028EA2100ED2445 /* Hackwhich3UITests.swift */ = {isa = PBXFileReference; lastKnownFileType = sourcecode.swift; path = Hackwhich3UITests.swift; sourceTree = "<group>"; };
		7F2148952028EA2100ED2445 /* Info.plist */ = {isa = PBXFileReference; lastKnownFileType = text.plist.xml; path = Info.plist; sourceTree = "<group>"; };
		7F2148A12028F25700ED2445 /* VewiControllerTwo.swift */ = {isa = PBXFileReference; lastKnownFileType = sourcecode.swift; path = VewiControllerTwo.swift; sourceTree = "<group>"; };
/* End PBXFileReference section */

/* Begin PBXFrameworksBuildPhase section */
		7F21486D2028EA2000ED2445 /* Frameworks */ = {
			isa = PBXFrameworksBuildPhase;
			buildActionMask = 2147483647;
			files = (
			);
			runOnlyForDeploymentPostprocessing = 0;
		};
		7F2148812028EA2100ED2445 /* Frameworks */ = {
			isa = PBXFrameworksBuildPhase;
			buildActionMask = 2147483647;
			files = (
			);
			runOnlyForDeploymentPostprocessing = 0;
		};
		7F21488C2028EA2100ED2445 /* Frameworks */ = {
			isa = PBXFrameworksBuildPhase;
			buildActionMask = 2147483647;
			files = (
			);
			runOnlyForDeploymentPostprocessing = 0;
		};
/* End PBXFrameworksBuildPhase section */

/* Begin PBXGroup section */
		7F2148672028EA2000ED2445 = {
			isa = PBXGroup;
			children = (
				7F2148722028EA2100ED2445 /* Hackwhich3 */,
				7F2148872028EA2100ED2445 /* Hackwhich3Tests */,
				7F2148922028EA2100ED2445 /* Hackwhich3UITests */,
				7F2148712028EA2100ED2445 /* Products */,
			);
			sourceTree = "<group>";
		};
		7F2148712028EA2100ED2445 /* Products */ = {
			isa = PBXGroup;
			children = (
				7F2148702028EA2100ED2445 /* Hackwhich3.app */,
				7F2148842028EA2100ED2445 /* Hackwhich3Tests.xctest */,
				7F21488F2028EA2100ED2445 /* Hackwhich3UITests.xctest */,
			);
			name = Products;
			sourceTree = "<group>";
		};
		7F2148722028EA2100ED2445 /* Hackwhich3 */ = {
			isa = PBXGroup;
			children = (
				7F2148732028EA2100ED2445 /* AppDelegate.swift */,
				7F2148752028EA2100ED2445 /* ViewController.swift */,
				7F2148772028EA2100ED2445 /* Main.storyboard */,
				7F2148A12028F25700ED2445 /* VewiControllerTwo.swift */,
				7F21487A2028EA2100ED2445 /* Assets.xcassets */,
				7F21487C2028EA2100ED2445 /* LaunchScreen.storyboard */,
				7F21487F2028EA2100ED2445 /* Info.plist */,
			);
			path = Hackwhich3;
			sourceTree = "<group>";
		};
		7F2148872028EA2100ED2445 /* Hackwhich3Tests */ = {
			isa = PBXGroup;
			children = (
				7F2148882028EA2100ED2445 /* Hackwhich3Tests.swift */,
				7F21488A2028EA2100ED2445 /* Info.plist */,
			);
			path = Hackwhich3Tests;
			sourceTree = "<group>";
		};
		7F2148922028EA2100ED2445 /* Hackwhich3UITests */ = {
			isa = PBXGroup;
			children = (
				7F2148932028EA2100ED2445 /* Hackwhich3UITests.swift */,
				7F2148952028EA2100ED2445 /* Info.plist */,
			);
			path = Hackwhich3UITests;
			sourceTree = "<group>";
		};
/* End PBXGroup section */

/* Begin PBXNativeTarget section */
		7F21486F2028EA2000ED2445 /* Hackwhich3 */ = {
			isa = PBXNativeTarget;
			buildConfigurationList = 7F2148982028EA2100ED2445 /* Build configuration list for PBXNativeTarget "Hackwhich3" */;
			buildPhases = (
				7F21486C2028EA2000ED2445 /* Sources */,
				7F21486D2028EA2000ED2445 /* Frameworks */,
				7F21486E2028EA2000ED2445 /* Resources */,
			);
			buildRules = (
			);
			dependencies = (
			);
			name = Hackwhich3;
			productName = Hackwhich3;
			productReference = 7F2148702028EA2100ED2445 /* Hackwhich3.app */;
			productType = "com.apple.product-type.application";
		};
		7F2148832028EA2100ED2445 /* Hackwhich3Tests */ = {
			isa = PBXNativeTarget;
			buildConfigurationList = 7F21489B2028EA2100ED2445 /* Build configuration list for PBXNativeTarget "Hackwhich3Tests" */;
			buildPhases = (
				7F2148802028EA2100ED2445 /* Sources */,
				7F2148812028EA2100ED2445 /* Frameworks */,
				7F2148822028EA2100ED2445 /* Resources */,
			);
			buildRules = (
			);
			dependencies = (
				7F2148862028EA2100ED2445 /* PBXTargetDependency */,
			);
			name = Hackwhich3Tests;
			productName = Hackwhich3Tests;
			productReference = 7F2148842028EA2100ED2445 /* Hackwhich3Tests.xctest */;
			productType = "com.apple.product-type.bundle.unit-test";
		};
		7F21488E2028EA2100ED2445 /* Hackwhich3UITests */ = {
			isa = PBXNativeTarget;
			buildConfigurationList = 7F21489E2028EA2100ED2445 /* Build configuration list for PBXNativeTarget "Hackwhich3UITests" */;
			buildPhases = (
				7F21488B2028EA2100ED2445 /* Sources */,
				7F21488C2028EA2100ED2445 /* Frameworks */,
				7F21488D2028EA2100ED2445 /* Resources */,
			);
			buildRules = (
			);
			dependencies = (
				7F2148912028EA2100ED2445 /* PBXTargetDependency */,
			);
			name = Hackwhich3UITests;
			productName = Hackwhich3UITests;
			productReference = 7F21488F2028EA2100ED2445 /* Hackwhich3UITests.xctest */;
			productType = "com.apple.product-type.bundle.ui-testing";
		};
/* End PBXNativeTarget section */

/* Begin PBXProject section */
		7F2148682028EA2000ED2445 /* Project object */ = {
			isa = PBXProject;
			attributes = {
				LastSwiftUpdateCheck = 0920;
				LastUpgradeCheck = 0920;
				ORGANIZATIONNAME = "CM Student";
				TargetAttributes = {
					7F21486F2028EA2000ED2445 = {
						CreatedOnToolsVersion = 9.2;
						ProvisioningStyle = Automatic;
					};
					7F2148832028EA2100ED2445 = {
						CreatedOnToolsVersion = 9.2;
						ProvisioningStyle = Automatic;
						TestTargetID = 7F21486F2028EA2000ED2445;
					};
					7F21488E2028EA2100ED2445 = {
						CreatedOnToolsVersion = 9.2;
						ProvisioningStyle = Automatic;
						TestTargetID = 7F21486F2028EA2000ED2445;
					};
				};
			};
			buildConfigurationList = 7F21486B2028EA2000ED2445 /* Build configuration list for PBXProject "Hackwhich3" */;
			compatibilityVersion = "Xcode 8.0";
			developmentRegion = en;
			hasScannedForEncodings = 0;
			knownRegions = (
				en,
				Base,
			);
			mainGroup = 7F2148672028EA2000ED2445;
			productRefGroup = 7F2148712028EA2100ED2445 /* Products */;
			projectDirPath = "";
			projectRoot = "";
			targets = (
				7F21486F2028EA2000ED2445 /* Hackwhich3 */,
				7F2148832028EA2100ED2445 /* Hackwhich3Tests */,
				7F21488E2028EA2100ED2445 /* Hackwhich3UITests */,
			);
		};
/* End PBXProject section */

/* Begin PBXResourcesBuildPhase section */
		7F21486E2028EA2000ED2445 /* Resources */ = {
			isa = PBXResourcesBuildPhase;
			buildActionMask = 2147483647;
			files = (
				7F21487E2028EA2100ED2445 /* LaunchScreen.storyboard in Resources */,
				7F21487B2028EA2100ED2445 /* Assets.xcassets in Resources */,
				7F2148792028EA2100ED2445 /* Main.storyboard in Resources */,
			);
			runOnlyForDeploymentPostprocessing = 0;
		};
		7F2148822028EA2100ED2445 /* Resources */ = {
			isa = PBXResourcesBuildPhase;
			buildActionMask = 2147483647;
			files = (
			);
			runOnlyForDeploymentPostprocessing = 0;
		};
		7F21488D2028EA2100ED2445 /* Resources */ = {
			isa = PBXResourcesBuildPhase;
			buildActionMask = 2147483647;
			files = (
			);
			runOnlyForDeploymentPostprocessing = 0;
		};
/* End PBXResourcesBuildPhase section */

/* Begin PBXSourcesBuildPhase section */
		7F21486C2028EA2000ED2445 /* Sources */ = {
			isa = PBXSourcesBuildPhase;
			buildActionMask = 2147483647;
			files = (
				7F2148762028EA2100ED2445 /* ViewController.swift in Sources */,
				7F2148742028EA2100ED2445 /* AppDelegate.swift in Sources */,
				7F2148A22028F25700ED2445 /* VewiControllerTwo.swift in Sources */,
			);
			runOnlyForDeploymentPostprocessing = 0;
		};
		7F2148802028EA2100ED2445 /* Sources */ = {
			isa = PBXSourcesBuildPhase;
			buildActionMask = 2147483647;
			files = (
				7F2148892028EA2100ED2445 /* Hackwhich3Tests.swift in Sources */,
			);
			runOnlyForDeploymentPostprocessing = 0;
		};
		7F21488B2028EA2100ED2445 /* Sources */ = {
			isa = PBXSourcesBuildPhase;
			buildActionMask = 2147483647;
			files = (
				7F2148942028EA2100ED2445 /* Hackwhich3UITests.swift in Sources */,
			);
			runOnlyForDeploymentPostprocessing = 0;
		};
/* End PBXSourcesBuildPhase section */

/* Begin PBXTargetDependency section */
		7F2148862028EA2100ED2445 /* PBXTargetDependency */ = {
			isa = PBXTargetDependency;
			target = 7F21486F2028EA2000ED2445 /* Hackwhich3 */;
			targetProxy = 7F2148852028EA2100ED2445 /* PBXContainerItemProxy */;
		};
		7F2148912028EA2100ED2445 /* PBXTargetDependency */ = {
			isa = PBXTargetDependency;
			target = 7F21486F2028EA2000ED2445 /* Hackwhich3 */;
			targetProxy = 7F2148902028EA2100ED2445 /* PBXContainerItemProxy */;
		};
/* End PBXTargetDependency section */

/* Begin PBXVariantGroup section */
		7F2148772028EA2100ED2445 /* Main.storyboard */ = {
			isa = PBXVariantGroup;
			children = (
				7F2148782028EA2100ED2445 /* Base */,
			);
			name = Main.storyboard;
			sourceTree = "<group>";
		};
		7F21487C2028EA2100ED2445 /* LaunchScreen.storyboard */ = {
			isa = PBXVariantGroup;
			children = (
				7F21487D2028EA2100ED2445 /* Base */,
			);
			name = LaunchScreen.storyboard;
			sourceTree = "<group>";
		};
/* End PBXVariantGroup section */

/* Begin XCBuildConfiguration section */
		7F2148962028EA2100ED2445 /* Debug */ = {
			isa = XCBuildConfiguration;
			buildSettings = {
				ALWAYS_SEARCH_USER_PATHS = NO;
				CLANG_ANALYZER_NONNULL = YES;
				CLANG_ANALYZER_NUMBER_OBJECT_CONVERSION = YES_AGGRESSIVE;
				CLANG_CXX_LANGUAGE_STANDARD = "gnu++14";
				CLANG_CXX_LIBRARY = "libc++";
				CLANG_ENABLE_MODULES = YES;
				CLANG_ENABLE_OBJC_ARC = YES;
				CLANG_WARN_BLOCK_CAPTURE_AUTORELEASING = YES;
				CLANG_WARN_BOOL_CONVERSION = YES;
				CLANG_WARN_COMMA = YES;
				CLANG_WARN_CONSTANT_CONVERSION = YES;
				CLANG_WARN_DIRECT_OBJC_ISA_USAGE = YES_ERROR;
				CLANG_WARN_DOCUMENTATION_COMMENTS = YES;
				CLANG_WARN_EMPTY_BODY = YES;
				CLANG_WARN_ENUM_CONVERSION = YES;
				CLANG_WARN_INFINITE_RECURSION = YES;
				CLANG_WARN_INT_CONVERSION = YES;
				CLANG_WARN_NON_LITERAL_NULL_CONVERSION = YES;
				CLANG_WARN_OBJC_LITERAL_CONVERSION = YES;
				CLANG_WARN_OBJC_ROOT_CLASS = YES_ERROR;
				CLANG_WARN_RANGE_LOOP_ANALYSIS = YES;
				CLANG_WARN_STRICT_PROTOTYPES = YES;
				CLANG_WARN_SUSPICIOUS_MOVE = YES;
				CLANG_WARN_UNGUARDED_AVAILABILITY = YES_AGGRESSIVE;
				CLANG_WARN_UNREACHABLE_CODE = YES;
				CLANG_WARN__DUPLICATE_METHOD_MATCH = YES;
				CODE_SIGN_IDENTITY = "iPhone Developer";
				COPY_PHASE_STRIP = NO;
				DEBUG_INFORMATION_FORMAT = dwarf;
				ENABLE_STRICT_OBJC_MSGSEND = YES;
				ENABLE_TESTABILITY = YES;
				GCC_C_LANGUAGE_STANDARD = gnu11;
				GCC_DYNAMIC_NO_PIC = NO;
				GCC_NO_COMMON_BLOCKS = YES;
				GCC_OPTIMIZATION_LEVEL = 0;
				GCC_PREPROCESSOR_DEFINITIONS = (
					"DEBUG=1",
					"$(inherited)",
				);
				GCC_WARN_64_TO_32_BIT_CONVERSION = YES;
				GCC_WARN_ABOUT_RETURN_TYPE = YES_ERROR;
				GCC_WARN_UNDECLARED_SELECTOR = YES;
				GCC_WARN_UNINITIALIZED_AUTOS = YES_AGGRESSIVE;
				GCC_WARN_UNUSED_FUNCTION = YES;
				GCC_WARN_UNUSED_VARIABLE = YES;
				IPHONEOS_DEPLOYMENT_TARGET = 11.2;
				MTL_ENABLE_DEBUG_INFO = YES;
				ONLY_ACTIVE_ARCH = YES;
				SDKROOT = iphoneos;
				SWIFT_ACTIVE_COMPILATION_CONDITIONS = DEBUG;
				SWIFT_OPTIMIZATION_LEVEL = "-Onone";
			};
			name = Debug;
		};
		7F2148972028EA2100ED2445 /* Release */ = {
			isa = XCBuildConfiguration;
			buildSettings = {
				ALWAYS_SEARCH_USER_PATHS = NO;
				CLANG_ANALYZER_NONNULL = YES;
				CLANG_ANALYZER_NUMBER_OBJECT_CONVERSION = YES_AGGRESSIVE;
				CLANG_CXX_LANGUAGE_STANDARD = "gnu++14";
				CLANG_CXX_LIBRARY = "libc++";
				CLANG_ENABLE_MODULES = YES;
				CLANG_ENABLE_OBJC_ARC = YES;
				CLANG_WARN_BLOCK_CAPTURE_AUTORELEASING = YES;
				CLANG_WARN_BOOL_CONVERSION = YES;
				CLANG_WARN_COMMA = YES;
				CLANG_WARN_CONSTANT_CONVERSION = YES;
				CLANG_WARN_DIRECT_OBJC_ISA_USAGE = YES_ERROR;
				CLANG_WARN_DOCUMENTATION_COMMENTS = YES;
				CLANG_WARN_EMPTY_BODY = YES;
				CLANG_WARN_ENUM_CONVERSION = YES;
				CLANG_WARN_INFINITE_RECURSION = YES;
				CLANG_WARN_INT_CONVERSION = YES;
				CLANG_WARN_NON_LITERAL_NULL_CONVERSION = YES;
				CLANG_WARN_OBJC_LITERAL_CONVERSION = YES;
				CLANG_WARN_OBJC_ROOT_CLASS = YES_ERROR;
				CLANG_WARN_RANGE_LOOP_ANALYSIS = YES;
				CLANG_WARN_STRICT_PROTOTYPES = YES;
				CLANG_WARN_SUSPICIOUS_MOVE = YES;
				CLANG_WARN_UNGUARDED_AVAILABILITY = YES_AGGRESSIVE;
				CLANG_WARN_UNREACHABLE_CODE = YES;
				CLANG_WARN__DUPLICATE_METHOD_MATCH = YES;
				CODE_SIGN_IDENTITY = "iPhone Developer";
				COPY_PHASE_STRIP = NO;
				DEBUG_INFORMATION_FORMAT = "dwarf-with-dsym";
				ENABLE_NS_ASSERTIONS = NO;
				ENABLE_STRICT_OBJC_MSGSEND = YES;
				GCC_C_LANGUAGE_STANDARD = gnu11;
				GCC_NO_COMMON_BLOCKS = YES;
				GCC_WARN_64_TO_32_BIT_CONVERSION = YES;
				GCC_WARN_ABOUT_RETURN_TYPE = YES_ERROR;
				GCC_WARN_UNDECLARED_SELECTOR = YES;
				GCC_WARN_UNINITIALIZED_AUTOS = YES_AGGRESSIVE;
				GCC_WARN_UNUSED_FUNCTION = YES;
				GCC_WARN_UNUSED_VARIABLE = YES;
				IPHONEOS_DEPLOYMENT_TARGET = 11.2;
				MTL_ENABLE_DEBUG_INFO = NO;
				SDKROOT = iphoneos;
				SWIFT_OPTIMIZATION_LEVEL = "-Owholemodule";
				VALIDATE_PRODUCT = YES;
			};
			name = Release;
		};
		7F2148992028EA2100ED2445 /* Debug */ = {
			isa = XCBuildConfiguration;
			buildSettings = {
				ASSETCATALOG_COMPILER_APPICON_NAME = AppIcon;
				CODE_SIGN_STYLE = Automatic;
				INFOPLIST_FILE = Hackwhich3/Info.plist;
				LD_RUNPATH_SEARCH_PATHS = "$(inherited) @executable_path/Frameworks";
				PRODUCT_BUNDLE_IDENTIFIER = UHWO.Hackwhich3;
				PRODUCT_NAME = "$(TARGET_NAME)";
				SWIFT_VERSION = 4.0;
				TARGETED_DEVICE_FAMILY = "1,2";
			};
			name = Debug;
		};
		7F21489A2028EA2100ED2445 /* Release */ = {
			isa = XCBuildConfiguration;
			buildSettings = {
				ASSETCATALOG_COMPILER_APPICON_NAME = AppIcon;
				CODE_SIGN_STYLE = Automatic;
				INFOPLIST_FILE = Hackwhich3/Info.plist;
				LD_RUNPATH_SEARCH_PATHS = "$(inherited) @executable_path/Frameworks";
				PRODUCT_BUNDLE_IDENTIFIER = UHWO.Hackwhich3;
				PRODUCT_NAME = "$(TARGET_NAME)";
				SWIFT_VERSION = 4.0;
				TARGETED_DEVICE_FAMILY = "1,2";
			};
			name = Release;
		};
		7F21489C2028EA2100ED2445 /* Debug */ = {
			isa = XCBuildConfiguration;
			buildSettings = {
				ALWAYS_EMBED_SWIFT_STANDARD_LIBRARIES = YES;
				BUNDLE_LOADER = "$(TEST_HOST)";
				CODE_SIGN_STYLE = Automatic;
				INFOPLIST_FILE = Hackwhich3Tests/Info.plist;
				LD_RUNPATH_SEARCH_PATHS = "$(inherited) @executable_path/Frameworks @loader_path/Frameworks";
				PRODUCT_BUNDLE_IDENTIFIER = UHWO.Hackwhich3Tests;
				PRODUCT_NAME = "$(TARGET_NAME)";
				SWIFT_VERSION = 4.0;
				TARGETED_DEVICE_FAMILY = "1,2";
				TEST_HOST = "$(BUILT_PRODUCTS_DIR)/Hackwhich3.app/Hackwhich3";
			};
			name = Debug;
		};
		7F21489D2028EA2100ED2445 /* Release */ = {
			isa = XCBuildConfiguration;
			buildSettings = {
				ALWAYS_EMBED_SWIFT_STANDARD_LIBRARIES = YES;
				BUNDLE_LOADER = "$(TEST_HOST)";
				CODE_SIGN_STYLE = Automatic;
				INFOPLIST_FILE = Hackwhich3Tests/Info.plist;
				LD_RUNPATH_SEARCH_PATHS = "$(inherited) @executable_path/Frameworks @loader_path/Frameworks";
				PRODUCT_BUNDLE_IDENTIFIER = UHWO.Hackwhich3Tests;
				PRODUCT_NAME = "$(TARGET_NAME)";
				SWIFT_VERSION = 4.0;
				TARGETED_DEVICE_FAMILY = "1,2";
				TEST_HOST = "$(BUILT_PRODUCTS_DIR)/Hackwhich3.app/Hackwhich3";
			};
			name = Release;
		};
		7F21489F2028EA2100ED2445 /* Debug */ = {
			isa = XCBuildConfiguration;
			buildSettings = {
				ALWAYS_EMBED_SWIFT_STANDARD_LIBRARIES = YES;
				CODE_SIGN_STYLE = Automatic;
				INFOPLIST_FILE = Hackwhich3UITests/Info.plist;
				LD_RUNPATH_SEARCH_PATHS = "$(inherited) @executable_path/Frameworks @loader_path/Frameworks";
				PRODUCT_BUNDLE_IDENTIFIER = UHWO.Hackwhich3UITests;
				PRODUCT_NAME = "$(TARGET_NAME)";
				SWIFT_VERSION = 4.0;
				TARGETED_DEVICE_FAMILY = "1,2";
				TEST_TARGET_NAME = Hackwhich3;
			};
			name = Debug;
		};
		7F2148A02028EA2100ED2445 /* Release */ = {
			isa = XCBuildConfiguration;
			buildSettings = {
				ALWAYS_EMBED_SWIFT_STANDARD_LIBRARIES = YES;
				CODE_SIGN_STYLE = Automatic;
				INFOPLIST_FILE = Hackwhich3UITests/Info.plist;
				LD_RUNPATH_SEARCH_PATHS = "$(inherited) @executable_path/Frameworks @loader_path/Frameworks";
				PRODUCT_BUNDLE_IDENTIFIER = UHWO.Hackwhich3UITests;
				PRODUCT_NAME = "$(TARGET_NAME)";
				SWIFT_VERSION = 4.0;
				TARGETED_DEVICE_FAMILY = "1,2";
				TEST_TARGET_NAME = Hackwhich3;
			};
			name = Release;
		};
/* End XCBuildConfiguration section */

/* Begin XCConfigurationList section */
		7F21486B2028EA2000ED2445 /* Build configuration list for PBXProject "Hackwhich3" */ = {
			isa = XCConfigurationList;
			buildConfigurations = (
				7F2148962028EA2100ED2445 /* Debug */,
				7F2148972028EA2100ED2445 /* Release */,
			);
			defaultConfigurationIsVisible = 0;
			defaultConfigurationName = Release;
		};
		7F2148982028EA2100ED2445 /* Build configuration list for PBXNativeTarget "Hackwhich3" */ = {
			isa = XCConfigurationList;
			buildConfigurations = (
				7F2148992028EA2100ED2445 /* Debug */,
				7F21489A2028EA2100ED2445 /* Release */,
			);
			defaultConfigurationIsVisible = 0;
			defaultConfigurationName = Release;
		};
		7F21489B2028EA2100ED2445 /* Build configuration list for PBXNativeTarget "Hackwhich3Tests" */ = {
			isa = XCConfigurationList;
			buildConfigurations = (
				7F21489C2028EA2100ED2445 /* Debug */,
				7F21489D2028EA2100ED2445 /* Release */,
			);
			defaultConfigurationIsVisible = 0;
			defaultConfigurationName = Release;
		};
		7F21489E2028EA2100ED2445 /* Build configuration list for PBXNativeTarget "Hackwhich3UITests" */ = {
			isa = XCConfigurationList;
			buildConfigurations = (
				7F21489F2028EA2100ED2445 /* Debug */,
				7F2148A02028EA2100ED2445 /* Release */,
			);
			defaultConfigurationIsVisible = 0;
			defaultConfigurationName = Release;
		};
/* End XCConfigurationList section */
	};
	rootObject = 7F2148682028EA2000ED2445 /* Project object */;
}
